
Microsoft Visual Studio Solution File, Format Version 12.00
# Visual Studio Version 17
VisualStudioVersion = 17.1.32228.430
MinimumVisualStudioVersion = 10.0.40219.1
Project("{8BC9CEB8-8B4A-11D0-8D11-00A0C91BC942}") = "quickSort1", "quickSort1\quickSort1.vcxproj", "{BAC32502-F9D3-4D62-A04D-DBB9F94DB4FD}"
EndProject
Project("{8BC9CEB8-8B4A-11D0-8D11-00A0C91BC942}") = "quickSort2", "quickSort2\quickSort2.vcxproj", "{56E755BB-D84D-4D65-B09C-E677454E5F29}"
EndProject
Project("{8BC9CEB8-8B4A-11D0-8D11-00A0C91BC942}") = "mergeSort", "mergeSort\mergeSort.vcxproj", "{F01616DC-1E7F-4B72-9C3E-317D57FE29AE}"
EndProject
Project("{8BC9CEB8-8B4A-11D0-8D11-00A0C91BC942}") = "quickSort3", "quickSort3\quickSort3.vcxproj", "{5B532126-E3AC-4E6D-8AAA-DD197A69E2F5}"
EndProject
Project("{8BC9CEB8-8B4A-11D0-8D11-00A0C91BC942}") = "quickSort4", "quickSort4\quickSort4.vcxproj", "{6FF27B86-2DC5-4169-A726-98ABD3F5B93A}"
EndProject
Project("{8BC9CEB8-8B4A-11D0-8D11-00A0C91BC942}") = "radixSort", "radixSort\radixSort.vcxproj", "{157CC253-D3D4-4B5D-8789-DCCA03D33ADC}"
EndProject
Project("{8BC9CEB8-8B4A-11D0-8D11-00A0C91BC942}") = "radixSortDESC", "radixSortDESC\radixSortDESC.vcxproj", "{CA8552C9-5497-406E-A87F-47A7CFFE57C7}"
EndProject
Project("{8BC9CEB8-8B4A-11D0-8D11-00A0C91BC942}") = "qsort", "qsort\qsort.vcxproj", "{DC514C2A-1740-4197-9B41-2D9679BAB257}"
EndProject
Project("{8BC9CEB8-8B4A-11D0-8D11-00A0C91BC942}") = "sortExecutionTime", "sortExecutionTime\sortExecutionTime.vcxproj", "{ED6ABAA4-E40E-4550-9368-5FA9EA35D194}"
EndProject
Global
	GlobalSection(SolutionConfigurationPlatforms) = preSolution
		Debug|x64 = Debug|x64
		Debug|x86 = Debug|x86
		Release|x64 = Release|x64
		Release|x86 = Release|x86
	EndGlobalSection
	GlobalSection(ProjectConfigurationPlatforms) = postSolution
		{BAC32502-F9D3-4D62-A04D-DBB9F94DB4FD}.Debug|x64.ActiveCfg = Debug|x64
		{BAC32502-F9D3-4D62-A04D-DBB9F94DB4FD}.Debug|x64.Build.0 = Debug|x64
		{BAC32502-F9D3-4D62-A04D-DBB9F94DB4FD}.Debug|x86.ActiveCfg = Debug|Win32
		{BAC32502-F9D3-4D62-A04D-DBB9F94DB4FD}.Debug|x86.Build.0 = Debug|Win32
		{BAC32502-F9D3-4D62-A04D-DBB9F94DB4FD}.Release|x64.ActiveCfg = Release|x64
		{BAC32502-F9D3-4D62-A04D-DBB9F94DB4FD}.Release|x64.Build.0 = Release|x64
		{BAC32502-F9D3-4D62-A04D-DBB9F94DB4FD}.Release|x86.ActiveCfg = Release|Win32
		{BAC32502-F9D3-4D62-A04D-DBB9F94DB4FD}.Release|x86.Build.0 = Release|Win32
		{56E755BB-D84D-4D65-B09C-E677454E5F29}.Debug|x64.ActiveCfg = Debug|x64
		{56E755BB-D84D-4D65-B09C-E677454E5F29}.Debug|x64.Build.0 = Debug|x64
		{56E755BB-D84D-4D65-B09C-E677454E5F29}.Debug|x86.ActiveCfg = Debug|Win32
		{56E755BB-D84D-4D65-B09C-E677454E5F29}.Debug|x86.Build.0 = Debug|Win32
		{56E755BB-D84D-4D65-B09C-E677454E5F29}.Release|x64.ActiveCfg = Release|x64
		{56E755BB-D84D-4D65-B09C-E677454E5F29}.Release|x64.Build.0 = Release|x64
		{56E755BB-D84D-4D65-B09C-E677454E5F29}.Release|x86.ActiveCfg = Release|Win32
		{56E755BB-D84D-4D65-B09C-E677454E5F29}.Release|x86.Build.0 = Release|Win32
		{F01616DC-1E7F-4B72-9C3E-317D57FE29AE}.Debug|x64.ActiveCfg = Debug|x64
		{F01616DC-1E7F-4B72-9C3E-317D57FE29AE}.Debug|x64.Build.0 = Debug|x64
		{F01616DC-1E7F-4B72-9C3E-317D57FE29AE}.Debug|x86.ActiveCfg = Debug|Win32
		{F01616DC-1E7F-4B72-9C3E-317D57FE29AE}.Debug|x86.Build.0 = Debug|Win32
		{F01616DC-1E7F-4B72-9C3E-317D57FE29AE}.Release|x64.ActiveCfg = Release|x64
		{F01616DC-1E7F-4B72-9C3E-317D57FE29AE}.Release|x64.Build.0 = Release|x64
		{F01616DC-1E7F-4B72-9C3E-317D57FE29AE}.Release|x86.ActiveCfg = Release|Win32
		{F01616DC-1E7F-4B72-9C3E-317D57FE29AE}.Release|x86.Build.0 = Release|Win32
		{5B532126-E3AC-4E6D-8AAA-DD197A69E2F5}.Debug|x64.ActiveCfg = Debug|x64
		{5B532126-E3AC-4E6D-8AAA-DD197A69E2F5}.Debug|x64.Build.0 = Debug|x64
		{5B532126-E3AC-4E6D-8AAA-DD197A69E2F5}.Debug|x86.ActiveCfg = Debug|Win32
		{5B532126-E3AC-4E6D-8AAA-DD197A69E2F5}.Debug|x86.Build.0 = Debug|Win32
		{5B532126-E3AC-4E6D-8AAA-DD197A69E2F5}.Release|x64.ActiveCfg = Release|x64
		{5B532126-E3AC-4E6D-8AAA-DD197A69E2F5}.Release|x64.Build.0 = Release|x64
		{5B532126-E3AC-4E6D-8AAA-DD197A69E2F5}.Release|x86.ActiveCfg = Release|Win32
		{5B532126-E3AC-4E6D-8AAA-DD197A69E2F5}.Release|x86.Build.0 = Release|Win32
		{6FF27B86-2DC5-4169-A726-98ABD3F5B93A}.Debug|x64.ActiveCfg = Debug|x64
		{6FF27B86-2DC5-4169-A726-98ABD3F5B93A}.Debug|x64.Build.0 = Debug|x64
		{6FF27B86-2DC5-4169-A726-98ABD3F5B93A}.Debug|x86.ActiveCfg = Debug|Win32
		{6FF27B86-2DC5-4169-A726-98ABD3F5B93A}.Debug|x86.Build.0 = Debug|Win32
		{6FF27B86-2DC5-4169-A726-98ABD3F5B93A}.Release|x64.ActiveCfg = Release|x64
		{6FF27B86-2DC5-4169-A726-98ABD3F5B93A}.Release|x64.Build.0 = Release|x64
		{6FF27B86-2DC5-4169-A726-98ABD3F5B93A}.Release|x86.ActiveCfg = Release|Win32
		{6FF27B86-2DC5-4169-A726-98ABD3F5B93A}.Release|x86.Build.0 = Release|Win32
		{157CC253-D3D4-4B5D-8789-DCCA03D33ADC}.Debug|x64.ActiveCfg = Debug|x64
		{157CC253-D3D4-4B5D-8789-DCCA03D33ADC}.Debug|x64.Build.0 = Debug|x64
		{157CC253-D3D4-4B5D-8789-DCCA03D33ADC}.Debug|x86.ActiveCfg = Debug|Win32
		{157CC253-D3D4-4B5D-8789-DCCA03D33ADC}.Debug|x86.Build.0 = Debug|Win32
		{157CC253-D3D4-4B5D-8789-DCCA03D33ADC}.Release|x64.ActiveCfg = Release|x64
		{157CC253-D3D4-4B5D-8789-DCCA03D33ADC}.Release|x64.Build.0 = Release|x64
		{157CC253-D3D4-4B5D-8789-DCCA03D33ADC}.Release|x86.ActiveCfg = Release|Win32
		{157CC253-D3D4-4B5D-8789-DCCA03D33ADC}.Release|x86.Build.0 = Release|Win32
		{CA8552C9-5497-406E-A87F-47A7CFFE57C7}.Debug|x64.ActiveCfg = Debug|x64
		{CA8552C9-5497-406E-A87F-47A7CFFE57C7}.Debug|x64.Build.0 = Debug|x64
		{CA8552C9-5497-406E-A87F-47A7CFFE57C7}.Debug|x86.ActiveCfg = Debug|Win32
		{CA8552C9-5497-406E-A87F-47A7CFFE57C7}.Debug|x86.Build.0 = Debug|Win32
		{CA8552C9-5497-406E-A87F-47A7CFFE57C7}.Release|x64.ActiveCfg = Release|x64
		{CA8552C9-5497-406E-A87F-47A7CFFE57C7}.Release|x64.Build.0 = Release|x64
		{CA8552C9-5497-406E-A87F-47A7CFFE57C7}.Release|x86.ActiveCfg = Release|Win32
		{CA8552C9-5497-406E-A87F-47A7CFFE57C7}.Release|x86.Build.0 = Release|Win32
		{DC514C2A-1740-4197-9B41-2D9679BAB257}.Debug|x64.ActiveCfg = Debug|x64
		{DC514C2A-1740-4197-9B41-2D9679BAB257}.Debug|x64.Build.0 = Debug|x64
		{DC514C2A-1740-4197-9B41-2D9679BAB257}.Debug|x86.ActiveCfg = Debug|Win32
		{DC514C2A-1740-4197-9B41-2D9679BAB257}.Debug|x86.Build.0 = Debug|Win32
		{DC514C2A-1740-4197-9B41-2D9679BAB257}.Release|x64.ActiveCfg = Release|x64
		{DC514C2A-1740-4197-9B41-2D9679BAB257}.Release|x64.Build.0 = Release|x64
		{DC514C2A-1740-4197-9B41-2D9679BAB257}.Release|x86.ActiveCfg = Release|Win32
		{DC514C2A-1740-4197-9B41-2D9679BAB257}.Release|x86.Build.0 = Release|Win32
		{ED6ABAA4-E40E-4550-9368-5FA9EA35D194}.Debug|x64.ActiveCfg = Debug|x64
		{ED6ABAA4-E40E-4550-9368-5FA9EA35D194}.Debug|x64.Build.0 = Debug|x64
		{ED6ABAA4-E40E-4550-9368-5FA9EA35D194}.Debug|x86.ActiveCfg = Debug|Win32
		{ED6ABAA4-E40E-4550-9368-5FA9EA35D194}.Debug|x86.Build.0 = Debug|Win32
		{ED6ABAA4-E40E-4550-9368-5FA9EA35D194}.Release|x64.ActiveCfg = Release|x64
		{ED6ABAA4-E40E-4550-9368-5FA9EA35D194}.Release|x64.Build.0 = Release|x64
		{ED6ABAA4-E40E-4550-9368-5FA9EA35D194}.Release|x86.ActiveCfg = Release|Win32
		{ED6ABAA4-E40E-4550-9368-5FA9EA35D194}.Release|x86.Build.0 = Release|Win32
	EndGlobalSection
	GlobalSection(SolutionProperties) = preSolution
		HideSolutionNode = FALSE
	EndGlobalSection
	GlobalSection(ExtensibilityGlobals) = postSolution
		SolutionGuid = {071136B7-8DBD-4CFE-94CA-BECA587D571E}
	EndGlobalSection
EndGlobal
